
Microsoft Visual Studio Solution File, Format Version 12.00
# Visual Studio Version 17
VisualStudioVersion = 17.11.35222.181
MinimumVisualStudioVersion = 10.0.40219.1
Project("{FAE04EC0-301F-11D3-BF4B-00C04F79EFBC}") = "TP Web Equipo 18-B", "TP Web Equipo 18-B\TP Web Equipo 18-B.csproj", "{DB237483-E4F4-4ED6-9D81-66098FFEFCC5}"
EndProject
Project("{FAE04EC0-301F-11D3-BF4B-00C04F79EFBC}") = "Dominio", "Dominio\Dominio.csproj", "{22C0CC08-2092-4D9E-819E-4A83EE854171}"
EndProject
Project("{FAE04EC0-301F-11D3-BF4B-00C04F79EFBC}") = "Negocio", "Negocio\Negocio.csproj", "{2CDDAD2D-E33D-41B9-8145-F656F74966A5}"
EndProject
Project("{FAE04EC0-301F-11D3-BF4B-00C04F79EFBC}") = "ApiArticulo", "ApiArticulo\ApiArticulo.csproj", "{561F2DC4-C221-4855-BA7F-B1DB5F155197}"
EndProject
Global
	GlobalSection(SolutionConfigurationPlatforms) = preSolution
		Debug|Any CPU = Debug|Any CPU
		Release|Any CPU = Release|Any CPU
	EndGlobalSection
	GlobalSection(ProjectConfigurationPlatforms) = postSolution
		{DB237483-E4F4-4ED6-9D81-66098FFEFCC5}.Debug|Any CPU.ActiveCfg = Debug|Any CPU
		{DB237483-E4F4-4ED6-9D81-66098FFEFCC5}.Debug|Any CPU.Build.0 = Debug|Any CPU
		{DB237483-E4F4-4ED6-9D81-66098FFEFCC5}.Release|Any CPU.ActiveCfg = Release|Any CPU
		{DB237483-E4F4-4ED6-9D81-66098FFEFCC5}.Release|Any CPU.Build.0 = Release|Any CPU
		{22C0CC08-2092-4D9E-819E-4A83EE854171}.Debug|Any CPU.ActiveCfg = Debug|Any CPU
		{22C0CC08-2092-4D9E-819E-4A83EE854171}.Debug|Any CPU.Build.0 = Debug|Any CPU
		{22C0CC08-2092-4D9E-819E-4A83EE854171}.Release|Any CPU.ActiveCfg = Release|Any CPU
		{22C0CC08-2092-4D9E-819E-4A83EE854171}.Release|Any CPU.Build.0 = Release|Any CPU
		{2CDDAD2D-E33D-41B9-8145-F656F74966A5}.Debug|Any CPU.ActiveCfg = Debug|Any CPU
		{2CDDAD2D-E33D-41B9-8145-F656F74966A5}.Debug|Any CPU.Build.0 = Debug|Any CPU
		{2CDDAD2D-E33D-41B9-8145-F656F74966A5}.Release|Any CPU.ActiveCfg = Release|Any CPU
		{2CDDAD2D-E33D-41B9-8145-F656F74966A5}.Release|Any CPU.Build.0 = Release|Any CPU
		{561F2DC4-C221-4855-BA7F-B1DB5F155197}.Debug|Any CPU.ActiveCfg = Debug|Any CPU
		{561F2DC4-C221-4855-BA7F-B1DB5F155197}.Debug|Any CPU.Build.0 = Debug|Any CPU
		{561F2DC4-C221-4855-BA7F-B1DB5F155197}.Release|Any CPU.ActiveCfg = Release|Any CPU
		{561F2DC4-C221-4855-BA7F-B1DB5F155197}.Release|Any CPU.Build.0 = Release|Any CPU
	EndGlobalSection
	GlobalSection(SolutionProperties) = preSolution
		HideSolutionNode = FALSE
	EndGlobalSection
	GlobalSection(ExtensibilityGlobals) = postSolution
		SolutionGuid = {5B9C1AA8-7FE5-4129-9BE8-05CCC36BD5BA}
	EndGlobalSection
EndGlobal
